
Microsoft Visual Studio Solution File, Format Version 12.00
# Visual Studio 15
VisualStudioVersion = 15.0.28010.2046
MinimumVisualStudioVersion = 10.0.40219.1
Project("{FAE04EC0-301F-11D3-BF4B-00C04F79EFBC}") = "HeavenNails", "HeavenNails\HeavenNails.csproj", "{F4190C57-FFD0-45F7-AFD6-67F8A7AFDC8A}"
EndProject
Global
	GlobalSection(SolutionConfigurationPlatforms) = preSolution
		Debug|Any CPU = Debug|Any CPU
		Debug|x64 = Debug|x64
		Debug|x86 = Debug|x86
		Release|Any CPU = Release|Any CPU
		Release|x64 = Release|x64
		Release|x86 = Release|x86
	EndGlobalSection
	GlobalSection(ProjectConfigurationPlatforms) = postSolution
		{F4190C57-FFD0-45F7-AFD6-67F8A7AFDC8A}.Debug|Any CPU.ActiveCfg = Debug|Any CPU
		{F4190C57-FFD0-45F7-AFD6-67F8A7AFDC8A}.Debug|Any CPU.Build.0 = Debug|Any CPU
		{F4190C57-FFD0-45F7-AFD6-67F8A7AFDC8A}.Debug|x64.ActiveCfg = Debug|Any CPU
		{F4190C57-FFD0-45F7-AFD6-67F8A7AFDC8A}.Debug|x64.Build.0 = Debug|Any CPU
		{F4190C57-FFD0-45F7-AFD6-67F8A7AFDC8A}.Debug|x86.ActiveCfg = Debug|Any CPU
		{F4190C57-FFD0-45F7-AFD6-67F8A7AFDC8A}.Debug|x86.Build.0 = Debug|Any CPU
		{F4190C57-FFD0-45F7-AFD6-67F8A7AFDC8A}.Release|Any CPU.ActiveCfg = Release|Any CPU
		{F4190C57-FFD0-45F7-AFD6-67F8A7AFDC8A}.Release|Any CPU.Build.0 = Release|Any CPU
		{F4190C57-FFD0-45F7-AFD6-67F8A7AFDC8A}.Release|x64.ActiveCfg = Release|Any CPU
		{F4190C57-FFD0-45F7-AFD6-67F8A7AFDC8A}.Release|x64.Build.0 = Release|Any CPU
		{F4190C57-FFD0-45F7-AFD6-67F8A7AFDC8A}.Release|x86.ActiveCfg = Release|Any CPU
		{F4190C57-FFD0-45F7-AFD6-67F8A7AFDC8A}.Release|x86.Build.0 = Release|Any CPU
	EndGlobalSection
	GlobalSection(SolutionProperties) = preSolution
		HideSolutionNode = FALSE
	EndGlobalSection
	GlobalSection(ExtensibilityGlobals) = postSolution
		SolutionGuid = {10C4E3F9-2DA4-45C2-B0D9-ABA7D7E81A7D}
	EndGlobalSection
EndGlobal
